# Autogenerated Finance Intelligence Migration Runner Dependency Lock File
# Direct dependencies from requirements-migration.in
# Target Platform: linux/amd64 (Python 3.11)

alembic==1.13.2 \
    --hash=sha256:6b8733129a6224a9a711e17c99b08462dbf7cc9670ba8f2e2ae9af860ceb1953 \
    --hash=sha256:1ff0ae32975f4fd96028c39ed9bb3c867fe3af956bd7bb37343b54c9fe7445ef
SQLAlchemy==2.0.31 \
    --hash=sha256:f2a213c1b699d3f5768a7272de720387ae0122f1becf0901ed6eaa1abd1baf6c \
    --hash=sha256:9fea3d0884e82d1e33226935dac990b967bef21315cbcc894605db3441347443 \
    --hash=sha256:f3ad7f221d8a69d32d197e5968d798217a4feebe30144986af71ada8c548e9fa \
    --hash=sha256:9f2bee229715b6366f86a95d497c347c22ddffa2c7c96143b59a2aa5cc9eebbc \
    --hash=sha256:cd5b94d4819c0c89280b7c6109c7b788a576084bf0a480ae17c227b0bc41e109 \
    --hash=sha256:0d5ac1a942eb4be158ed664d5cae8dd415b3e5b611e3b6d2e61df18f2604bf89 \
    --hash=sha256:22f28edfe93ef3399fc03f90ae513f524c568ecfae4e58b3879a834dd59ef177 \
    --hash=sha256:65eb63435c249a00947b746fb590db862ecb27376c9ad2fc62594a11f2679234 \
    --hash=sha256:6d92edac0fca3be4a1d4a89ea8a562efee730aa1ffbdf0769490218b76bfa3bb \
    --hash=sha256:7bc5efaa4eeeb7fb4b25695029056d6ad5e1ea1f5ffb6c31bf0feea629bc181e \
    --hash=sha256:7faeb4fe76db1bd2b406e12140bbbfd1b4632b761611bf7e87ed3daee410dfeb \
    --hash=sha256:887ffb5f00e998782fec9bdc0cbbca4aeae021f1d1ad922ef6e61918a38b556b \
    --hash=sha256:91be1a16fa968e7ec89426f8d3fe7c1fdb41b0db7417e2954a1be707bebb30a5 \
    --hash=sha256:a63085f1c24eec57849646b9a8966c8edc2637b2520638c4bbbeee9466e01a8b \
    --hash=sha256:af7fdfd1f5d21a2c3a505b38a4d707c9fb2306fbc9b7b9ce7ef961e687841c19 \
    --hash=sha256:bd41d0637ae7bfd863f6195c9603cf3d7265dcbd3524efcbe3cf8b2b73ee0ff0 \
    --hash=sha256:bd645300e84b8fcd4ed1a00fc246d6fc3a8e945c717fb0dd7113ac60a927a4d5 \
    --hash=sha256:c02ce4ebddaf66e4a2d8fd5329beee7fd62e9eac040776b2db3fc6379c3f9157 \
    --hash=sha256:ca15777cecd34ca74128f731a57c5bf804c7cbf1ee6ca4a3e74ff580fb359a68 \
    --hash=sha256:cb310aefad658b43f9a72df7c2dc1b94b0f44bd1bbbe3bb2bcebdeafaeaafe05 \
    --hash=sha256:df46ff629c15852eaed7ed9545e8557ee6e3727c95e1e1a5a0cb08170d740c43 \
    --hash=sha256:ebed43a60cb9aeb3bdf2292f7535b6fb8caaeabec8ea54d2aa63c35b6dafa845 \
    --hash=sha256:f70824b270a6c6ec2264c7cfbbca3eb9ee80db9fe7c4aed4ee8a58a74e5fb151 \
    --hash=sha256:f7797b5e408ecfd4c66c3a64757c91350a4173e6d24f796a5bc8370bc6bc9268 \
    --hash=sha256:fa2ca23d6a97858c2794c4ecae65d95d1fa29177a456bb0d11cddc290e29b1cb
greenlet==3.0.3 \
    --hash=sha256:dd4f49ae60e10adbc94b45c0b5e6a179acc1736cf7a90160b404076ee283cf83 \
    --hash=sha256:73a411ef564e0e097dbe7e866bb2dda0f027e072b04da387282b02c308807405 \
    --hash=sha256:649dde7de1a5eceb258f9cb00bdf50e978c9db1b996964cd80703614c86495eb \
    --hash=sha256:2797aa5aedac23af156bbb5a6aa2cd3427ada2972c828244eb7d1b9255846379 \
    --hash=sha256:b7f009caad047246ed379e1c4dbcb8b020f0a390667ea74d2387be2998f58a22 \
    --hash=sha256:894393ce10ceac937e56ec00bb71c4c2f8209ad516e96033e4b3b1de270e200d \
    --hash=sha256:d4d1ac74f5c0c0524e4a24335350edad7e5f03b9532da7ea4d3c54d527784f2e \
    --hash=sha256:881b7db1ebff4ba09aaaeae6aa491daeb226c8150fc20e836ad00041bcb11230 \
    --hash=sha256:fcd2469d6a2cf298f198f0487e0a5b1a47a42ca0fa4dfd1b6862c999f018ebbf \
    --hash=sha256:2516a9957eed41dd8f1ec0c604f1cdc86758b587d964668b5b196a9db5bfcde6 \
    --hash=sha256:e3391d1e16e2a5a1507d83e4a8b100f4ee626e8eca43cf2cadb543de69827c4c \
    --hash=sha256:e1f145462f1fa6e4a4ae3c0f782e580ce44d57c8f2c7aae1b6fa88c0b2efdb41 \
    --hash=sha256:0448abc479fab28b00cb472d278828b3ccca164531daab4e970a0458786055d6 \
    --hash=sha256:6b66c9c1e7ccabad3a7d037b2bcb740122a7b17a53734b7d72a344ce39882a1b \
    --hash=sha256:098d86f528c855ead3479afe84b49242e174ed262456c342d70fc7f972bc13c4 \
    --hash=sha256:fd096eb7ffef17c456cfa587523c5f92321ae02427ff955bebe9e3c63bc9f0da \
    --hash=sha256:1551a8195c0d4a68fac7a4325efac0d541b48def35feb49d803674ac32582f61 \
    --hash=sha256:64d7675ad83578e3fc149b617a444fab8efdafc9385471f868eb5ff83e446b8b \
    --hash=sha256:77457465d89b8263bca14759d7c1684df840b6811b2499838cc5b040a8b5b113 \
    --hash=sha256:43374442353259554ce33599da8b692d5aa96f8976d567d4badf263371fbe491
cloud-sql-python-connector[pg8000]==1.9.2 \
    --hash=sha256:bce43fecbfbf422501a1c97a5b172aeb9dfd70a316eb16ce3ec0d6fa1eeea1e1 \
    --hash=sha256:aee1f1c2eb20815413340ee8cf53ed709ef868b446a815a51052fb5fa1d2db43
google-cloud-secret-manager==2.9.2 \
    --hash=sha256:6d95368a581335cfa3adbbdf4c088ef776e0a8d6263df67fc5fc7cb5fa8d1f7c \
    --hash=sha256:ef22d15f33efb1c0989f5bc3a6c4295efc5ee5f00e980dd2efbf9cf04b77f9cd
pydantic-settings==2.3.4 \
    --hash=sha256:621ec89b1424eddfce1bc0f7193f9ef210c85c074df6cc12f5a075ecf1d15df8 \
    --hash=sha256:c06eb62804c8aaeddfc41a4a4b27ee4eef0673d328325a74697ec7e44a6eaae5
Mako==1.3.5 \
    --hash=sha256:46247ec61eb1a4dd66efdd423b49ecb428d0958197779d7ee2270caed83b8b64 \
    --hash=sha256:0d12e6c5188bf4f47ef9618f276ae68e82ef45b4c10eb3b1c6cc496e737c35f2
typing_extensions==4.12.2 \
    --hash=sha256:04e5e78d374d3cfb79cf799c28904ea3528448a51d914385b274fa57213e8d78 \
    --hash=sha256:1a7ead55c7e55ab77e3d97d05f03ebd91d20676ced329691b5804feb3b9e583d
aiohttp==3.9.5 \
    --hash=sha256:5993b498f3900693a62886f4a56976aa670f5e1f760e1d0034a781b0a8cf292b \
    --hash=sha256:8899806b76174b85ceb52bf464c2443c22d71190bc2ee2ef7f7a77d130ce5aef \
    --hash=sha256:39ef5b6d510ff3697eb81e263d91ebc5643444081c70e051c51a02123d6a4a40 \
    --hash=sha256:e0b7f6b2e3e5bc81f476a0662d5f0881944883b27b9c968f9aa9eb145a5d89ef \
    --hash=sha256:1a0fb76b2c2f7b8cfcd114227f677d2069b22e17ff80d0d5b512c0199e4f509e \
    --hash=sha256:92330f6551b9e59ed182aeefcc1cf856b375b42d7be8df460b3793e25b12a83e \
    --hash=sha256:3b9a07185ad903c7333be68aa95e865fa5ae88a2c206d96e5fa3d88b48fb305c \
    --hash=sha256:fa2d8471be58a0a8bfb4eb5e78ec3c0f496152ef38b693fa28971f11e9f13d8d
google-api-core==2.19.1 \
    --hash=sha256:60fb02f82c3c6f6e520023a1a5b88b056157f722a2754dca8817a3a93d8b4c09 \
    --hash=sha256:1232fa4c0d014bc0898516d00661fffaaaefab7a74a1ea1d0d9dd120c8f5f6b3
google-auth==2.32.0 \
    --hash=sha256:332e92a4e9b9220556f8f7422f990665f8080f55cf525b68df404c0627e7d692 \
    --hash=sha256:196c738e4a9e52547b74251ee2bc3d7bc0004ff97fbe13c6b22eb06a6c221a71
requests==2.32.3 \
    --hash=sha256:70761cfe284d3eceb9fcbc68c8b8b436c92d509de47343c94f1567072dcb62ae \
    --hash=sha256:5824a08f1156e670f3923a8932ed9ad772ed73b22a8e982e079f9517d079633e
pg8000==1.31.2 \
    --hash=sha256:64caecfa413f4124c619be9b6b71f92e9d291b86940a454ce4552cf5d65451ec \
    --hash=sha256:d8fbb230554ef4ad94ebfc1d72cf2eb00d02b8813bc326c483a9a83eb1a99566
google-cloud-secret-manager-v1==0.1.3 \
    --hash=sha256:4d603a116b490f2b23a54d5b2c99b80ff7343e0e7a4bd6f5ef5b8caeeb3c19b2 \
    --hash=sha256:9234b9cfbcff4fa7672ecaa3f97fb34b6b613149a4f4d2f093f4340d04c138f3
grpc-google-iam-v1==0.13.1 \
    --hash=sha256:952e448bdf1b357e6ae5c7964b4c7310e52701b223d6a62dbf2c1ffb076722d3 \
    --hash=sha256:4624b9a5e88bbbb0b213b3d1ffaa39a660a95f9c4ea3b1ed68132e01dfbb79c0
proto-plus==1.24.0 \
    --hash=sha256:f0d463ef1e47963c631481c000f2aa7a411516e87f2ff8417c468e820689b9d0 \
    --hash=sha256:0d5bebfb05bbfdd98a1a3ea375d3c8c7f99994bc0ff462e08e6bc340bf7cb283
protobuf==4.25.3 \
    --hash=sha256:1a15ee79339e80be972edc130386cfc751213f8c857790b8f0607a339908cfd5 \
    --hash=sha256:46231d68370d9796e95c1a7ee5f42557a602cf368d1844bdf9d0b5e28a506161 \
    --hash=sha256:e68140410e599980d96d274bf7b489d854cf04245642e6191c981ae42621ae1e \
    --hash=sha256:c1eeef681b99a6cf9e2621aef71a25dbce3c4b9aa1786c221cf3e6361ef56360 \
    --hash=sha256:119ec8fb8bbf2003c28c83e20ec4e1f7481ec651ae8be1cf9d9b62646d653ae9 \
    --hash=sha256:d8c558c49e7b233f2aebf8ad26b9ebcebbd161a0ed92ae1758c067d5817ec23f
pydantic==2.8.2 \
    --hash=sha256:602b9e6ec9ff20054ff8e75e5fec0bf7246473edeb1afad548901eb20c50d3a7 \
    --hash=sha256:43063aa87ce9027815cf1b1d7d08479532454fb07849ee42efcfb1ec646487e5
python-dotenv==1.0.1 \
    --hash=sha256:f7b6d15d9129eb7ab5547e386377f5d170366614521abb6e07661d9f05780a42 \
    --hash=sha256:94a61427a136bfb1ed499e9842f1fefebddae2a5c43d8ef4ff308ff57d6b38db
attrs==23.2.0 \
    --hash=sha256:99b80894414520ddad73d82a7f5a6b0c2cb4d59f7df8cf8808dc228784d1bc9b \
    --hash=sha256:935dc3b529fe94bda23ff3a647d6127cbce4857b322300b991ef2364c8c7f212
multidict==6.0.5 \
    --hash=sha256:a02d8b4e7232232931a29739ee4b299e5306634882dfc70fdc05763cb6c59b2d \
    --hash=sha256:560c5fd265144b610c1c8728d8b671158a74e578848d7c4a1795ccebe25ecfbc
yarl==1.9.4 \
    --hash=sha256:4f3079b76c8c4e4776e0339d2c676f4e19572d41b590059c345241e57c6b9b3e \
    --hash=sha256:bd24b893a7433ecbc617b4c6e61f22d99d2822180860533d1c9b6f5cfc1d4d12
frozenlist==1.4.1 \
    --hash=sha256:29b53118cf94cf5e286c0e5a87be4e04edc040d7c2a74c2e64b857754b200b3e \
    --hash=sha256:e0b62e49c7198bb602c31e42f65f02c675344383a811d73507d307779f041ff3
aiosignal==1.3.1 \
    --hash=sha256:f8976ed257dd634f3cadb41efc1b1f4b46d58e470d20077e0a96ed4f4b46c650 \
    --hash=sha256:1d2008f16b2d18471c0d4860eb341d2d3a3c9bb2d346067140e698888b560869
googleapis-common-protos==1.63.2 \
    --hash=sha256:f12e9b06806efbfbfceb4c5292723c34eb38a7b1bcf0113c2f54a8ae1e3f8a06 \
    --hash=sha256:22cfa654dd8fa75e6d2bc62334ee464673892795856715f02a64c4897f16ebfa
cachetools==5.4.0 \
    --hash=sha256:b1e9c20a4b75225c56df3d15a5198e3b3e2ec313e2e0a2948bb01777d07941b2 \
    --hash=sha256:f465c023d8c11e737c35f992a5d20c5d6480e6080518cf67d4efb60882e3c0ee
pyasn1-modules==0.4.0 \
    --hash=sha256:0d655f464010b93223be578c7752b5ed16182c161989bbe4242639a04a621f23 \
    --hash=sha256:104996996bf414168ee3a4bce904791550c606e9ec039f6048d08cb58466b0fd
rsa==4.9 \
    --hash=sha256:12e7cc7d49887754f9a0718798bb36b04859a859a22f3069152b14643ce2c1b2 \
    --hash=sha256:e383c847d018b10851ec6a251ed5928b9d881fa6d729864223f1a26d7f0ec689
charset-normalizer==3.3.2 \
    --hash=sha256:f009f570cb0a9e334a1789c676d1e9f13e7ae69fa3e75e9f8ed2160d7042a382 \
    --hash=sha256:49419b48c48a73043818cf7f4d54eb12423a63ec04918e7d23d8e57881b2ef13
idna==3.7 \
    --hash=sha256:82fee199091446b6b726c20edeb8527d85e4b3c9340f115ef9263254491c3619 \
    --hash=sha256:028ed16b23165780a7ee7f77b55f1f727c6ed667468160032b49c049cb16b349
urllib3==2.2.2 \
    --hash=sha256:a44c770c0c6600c3b28b752df6e5cb255e2d6bfa33a39e3364f9ef30379963e6 \
    --hash=sha256:a700767e7104f762691f137e0c8021cbe046522c07096e2eef29780fa2f44c4b
certifi==2024.7.4 \
    --hash=sha256:5a94b595b12855cf83d2983b6323605e54d924727146520f92b9508bf2923b7b \
    --hash=sha256:c6d4948a4eb4a13d09a259c8d5758cf1d6a6a9b400f8976b7e71b2d075d9e527
scamper==1.0.1 \
    --hash=sha256:1a84f33190875e53612bc7fa1ae9552174f8fa958ed1e74a87a718fb4839cf9c \
    --hash=sha256:aa2214376371d372e3a89047915570fb06041a998bb3bb8d2666a01be0d5f308
grpcio==1.64.1 \
    --hash=sha256:e3e23075d9bc37f02b1f8ef4464c803881f33f0099496739987cf2a30bb0fb2e \
    --hash=sha256:7bc5efaa4eeeb7fb4b25695029056d6ad5e1ea1f5ffb6c31bf0feea629bc181e
grpcio-status==1.64.1 \
    --hash=sha256:c18b7bdf0ebbc2d7a2245b0a70ffaaee83cf82404e43e260fb584bb729bc113b \
    --hash=sha256:1b3b1859c25bb7e2c9efcf703b41d0615b3c3c7e48b8849b20755f106487e452
pydantic_core==2.20.1 \
    --hash=sha256:ca15777cecd34ca74128f731a57c5bf804c7cbf1ee6ca4a3e74ff580fb359a68 \
    --hash=sha256:ebed43a60cb9aeb3bdf2292f7535b6fb8caaeabec8ea54d2aa63c35b6dafa845
annotated-types==0.7.0 \
    --hash=sha256:1f02e8b43d21694df8e793910c2c31e9c2049f5793e2b2f2d9c490a07153b811 \
    --hash=sha256:af49d0efc7cf1db689c20a1cd99164998782a20b22f03f70e7e1f40d7c71eef6
pyasn1==0.6.0 \
    --hash=sha256:56edcdfc0a21a9aedef8eb5041ff62a71d7ae4cdb284e3edce6a07ecabf84179 \
    --hash=sha256:c1c5bb28b184f475bdf44cf4d6bb0e0a5c4ec4d9a4a7536d5528ef050b1a03e0
